# Immutable upstream and runtime inputs for Gonka DevNet Community
GONKA_REPOSITORY=https://github.com/gonka-ai/gonka.git
GONKA_COMMIT=4d687ed6782bcea3931d2d9135bf322f84e190ab

TMKMS_IMAGE=ghcr.io/product-science/tmkms-softsign-with-keygen:0.2.15
INFERENCED_IMAGE=ghcr.io/product-science/inferenced:0.2.15
DAPI_IMAGE=ghcr.io/product-science/api:0.2.15
EDGE_API_IMAGE=ghcr.io/product-science/edge-api:0.2.15
VERSIOND_IMAGE=ghcr.io/product-science/versiond:0.2.15
PROXY_IMAGE=ghcr.io/product-science/proxy:0.2.15
POSTGRES_IMAGE=postgres:16.9-bookworm

MLNODE_GENERIC_IMAGE=ghcr.io/gonka-ai/mlnode:3.0.14-post2
MLNODE_BLACKWELL_IMAGE=ghcr.io/product-science/mlnode:3.0.12-post6-blackwell
MLNODE_PROXY_IMAGE=nginx:1.28.0

MODEL_ID=Qwen/Qwen3-0.6B
MODEL_REVISION=c1899de289a04d12100db370d81485cdf75e47ca

DEVSHARD_PROTOCOL_VERSION=v4
DEVSHARDD_URL=https://github.com/gonka-ai/gonka/releases/download/release%2Fv0.2.15-devshard-v4.0.1/devshardd.zip
DEVSHARDD_SHA256=c80d098941fd18caf0159910c1b6c23140fce871f7ce903ceaad134cfe626b25
LOCAL_GATEWAY_IMAGE=gdc/devshard-gateway:0.2.15-v4

CADDY_IMAGE=caddy:2.11.4-alpine
PROMETHEUS_IMAGE=prom/prometheus:v3.11.3
GRAFANA_IMAGE=grafana/grafana:13.1.0
ALERTMANAGER_IMAGE=prom/alertmanager:v0.32.1
BLACKBOX_IMAGE=prom/blackbox-exporter:v0.27.0
NODE_EXPORTER_IMAGE=quay.io/prometheus/node-exporter:v1.9.1
CADVISOR_IMAGE=gcr.io/cadvisor/cadvisor:v0.54.1
