# Hardware overlay shared by every P0 participant.  These values come from
# the manual rehearsal and are intentionally not tuned per host.
MODEL_ID=Qwen/Qwen3-0.6B
MODEL_REVISION=c1899de289a04d12100db370d81485cdf75e47ca
MLNODE_DTYPE=auto
MLNODE_CONTEXT_LENGTH=2048
MLNODE_MAX_NUM_SEQS=64
MLNODE_GPU_MEMORY_UTILIZATION=0.85
MLNODE_TENSOR_PARALLEL_SIZE=1
GENESIS_SEQ_LEN=1024
GENESIS_V_RAM=16
GENESIS_UNITS_OF_COMPUTE_PER_TOKEN=100
GENESIS_THROUGHPUT_PER_NONCE=10000
GENESIS_VALIDATION_THRESHOLD_VALUE=95
GENESIS_VALIDATION_THRESHOLD_EXPONENT=-2
POC_DIST_THRESHOLD_VALUE=2
POC_DIST_THRESHOLD_EXPONENT=-1
POC_P_MISMATCH_VALUE=1
POC_P_MISMATCH_EXPONENT=-1
POC_P_VALUE_THRESHOLD_VALUE=5
POC_P_VALUE_THRESHOLD_EXPONENT=-2
POC_WEIGHT_SCALE_VALUE=1
POC_WEIGHT_SCALE_EXPONENT=0
