# Upstream network release. Verified against code/gonka tag release/v0.2.15.
GONKA_SOURCE_REF=release/v0.2.15
GONKA_COMMIT=4d687ed6782bcea3931d2d9135bf322f84e190ab
GONKA_RELEASE=0.2.15
TMKMS_IMAGE=ghcr.io/product-science/tmkms-softsign-with-keygen:0.2.15@sha256:c3b6c4aaa73e93944dda4f08db8edd1a48544ad35d740cfca2dd8f3d9835aa21
INFERENCED_IMAGE=ghcr.io/product-science/inferenced:0.2.15@sha256:b9ef3af7b89cae7c5c5dd28dc207e5cdff9db6cfeb2cb33cd7bd2d73893bb112
DAPI_IMAGE=ghcr.io/product-science/api:0.2.15@sha256:72a16fedbe84aff93e15c442d9dbe2d83aea2654321d23c08f44a4566dcb4678
EDGE_API_IMAGE=ghcr.io/product-science/edge-api:0.2.15@sha256:4f98b337ea837d711bdd7e0d0e3172a0034f37a5f7fb9764251b7155bb727025
EDGE_API_ENABLED=true
EDGE_API_COMPOSE_PROFILE=edge-api
EDGE_API_SERVICE_NAME=edge-api
VERSIOND_IMAGE=ghcr.io/product-science/versiond:0.2.15@sha256:3cd7abb49e04dc779411858adb446deccfb68fd6a69553365ed503ab000e0fb2
PROXY_IMAGE=ghcr.io/product-science/proxy:0.2.15@sha256:88a392f2300e4f303df6c7dde4660944c3f99df1e7d959bb451bd62e2f846d49
MLNODE_GENERIC_IMAGE=ghcr.io/gonka-ai/mlnode:3.0.14-post2@sha256:41d765d1bf2b0f2e1c2aa7b131ff5a5da7a6eaebfe8c3276f67478924e466cd5
MLNODE_PROXY_IMAGE=nginx:1.28.0@sha256:552e7481ca93ffccd046aa658dbbed22caefbc09c66fa7cd247cbb90b8a5c609
# Software-upgrade proposal inputs.  These are release assets consumed by
# Cosmovisor, not container images.  Keep URLs and hashes immutable so a
# passed proposal can be independently reproduced and verified.
INFERENCED_UPGRADE_URL=https://github.com/gonka-ai/gonka/releases/download/release%2Fv0.2.15/inferenced-amd64.zip
INFERENCED_UPGRADE_SHA256=91af67df9ef5c576a1695e5e85c8ee344f9f1a69d941bfc28fb339d9fd33617e
DAPI_UPGRADE_URL=https://github.com/gonka-ai/gonka/releases/download/release%2Fv0.2.15/decentralized-api-amd64.zip
DAPI_UPGRADE_SHA256=c9cf1bfa2c994beca8a528d0ee3ad7197a582144769711600ec9df41faf4c9f7
# Reuse the tested, digest-pinned bridge artifact until a 0.2.15 bridge is
# separately authorized. It is an explicit P2 qualification input, not latest.
BRIDGE_IMAGE=ghcr.io/product-science/bridge:0.2.14-post3@sha256:06f1c8750941cd31c6f46ff037e0b43f71a9ba5a5e4c6b81da8c4d6748af67b5
