# Immutable External Test Lab candidate v2026.08.30-rc.0.
# This is not an official Gonka release or readiness statement.
LAB_CANDIDATE=true
CANDIDATE_LAYER=devshard
UPGRADE_FROM_PROFILE=v2026.08.06
CANDIDATE_DEFINITION_SHA256=956a7758af5ba16cb47e7c09e8f18a8b3646ee1486d86749e3cf1db5c1820d86
CANDIDATE_BUILD_MANIFEST_SHA256=0ca70f36cee0a38e44b16d163fc5c1e181e771e01bfec285d7ecd4417eace083
DEVSHARDD_IMAGE=ghcr.io/paranjko/gdc-devshardd:v2026.08.30-rc.0-956a7758af5b-33345010954@sha256:7911023585fec09eaab1c6f738718b3f004b19865baf396ded15a9da69b92139
DEVSHARDD_IMAGE_OCI=ghcr.io/paranjko/gdc-devshardd:v2026.08.30-rc.0-956a7758af5b-33345010954@sha256:7911023585fec09eaab1c6f738718b3f004b19865baf396ded15a9da69b92139
DEVSHARDD_IMAGE_ARCHIVE_URL=https://github.com/paranjko/external-test-lab/releases/download/v2026.08.30-rc.0/devshardd-linux-amd64.oci.tar.gz
DEVSHARDD_IMAGE_ARCHIVE_SHA256=4f09aac10d3d7705d7363ef2d41cea84251301586017ada4b134f84c70eb902e
DEVSHARD_V5_URL=https://github.com/paranjko/external-test-lab/releases/download/v2026.08.30-rc.0/devshardd.zip
DEVSHARD_V5_SHA256=ca8346493e4fb92b1ffd25e3a792e2bb916f60bf6d0daa0aebcc1c49d4b8f39b
DEVSHARDD_UPGRADE_OCI_LINUX_AMD64=ghcr.io/paranjko/gdc-upgrade-devshardd:v2026.08.30-rc.0-956a7758af5b-33345010954@sha256:7b993afb2fdddf38603aa107d4e0b23b5f3b27ec2b562743b91f73e424fd5bd0
DEVSHARDD_UPGRADE_SHA256_LINUX_AMD64=ca8346493e4fb92b1ffd25e3a792e2bb916f60bf6d0daa0aebcc1c49d4b8f39b
DEVSHARD_GATEWAY_IMAGE=ghcr.io/paranjko/gdc-devshard-gateway:v2026.08.30-rc.0-956a7758af5b-33345010954@sha256:29ec3a7d273b523425539dbf348688c1731304516ac75868b5abde476c4c636f
DEVSHARD_GATEWAY_IMAGE_OCI=ghcr.io/paranjko/gdc-devshard-gateway:v2026.08.30-rc.0-956a7758af5b-33345010954@sha256:29ec3a7d273b523425539dbf348688c1731304516ac75868b5abde476c4c636f
DEVSHARD_GATEWAY_IMAGE_ARCHIVE_URL=https://github.com/paranjko/external-test-lab/releases/download/v2026.08.30-rc.0/devshard-gateway-linux-amd64.oci.tar.gz
DEVSHARD_GATEWAY_IMAGE_ARCHIVE_SHA256=dc7a8eaf0e859d7ed4ba876f0efe5fc19e52bfdc138b624a0f47b31be7781d0b
DEVSHARD_HOST_IMAGE=ghcr.io/paranjko/gdc-devshard-host:v2026.08.30-rc.0-956a7758af5b-33345010954@sha256:e33660fd57a67882b02c1eadc4b184100c0d2bdee2db14c44e4ddfd9689f44b2
DEVSHARD_HOST_IMAGE_OCI=ghcr.io/paranjko/gdc-devshard-host:v2026.08.30-rc.0-956a7758af5b-33345010954@sha256:e33660fd57a67882b02c1eadc4b184100c0d2bdee2db14c44e4ddfd9689f44b2
DEVSHARD_HOST_IMAGE_ARCHIVE_URL=https://github.com/paranjko/external-test-lab/releases/download/v2026.08.30-rc.0/devshard-host-linux-amd64.oci.tar.gz
DEVSHARD_HOST_IMAGE_ARCHIVE_SHA256=00adf64c42a5702c577aad03ee960308816cf790f006c6f77b3aeac6625765eb
CANDIDATE_DEVSHARD_SOURCE_REF=refs/heads/gateway-v4-merge
CANDIDATE_DEVSHARD_COMMIT=e0814d3c01fe4ad1363d23d6ba4a66e612bb2676
CANDIDATE_DEVSHARD_PROTOCOL_VERSION=v5
CANDIDATE_DEVSHARD_SUPPORTED_PROTOCOLS='v3 v5'
CANDIDATE_LOCAL_GATEWAY_IMAGE=ghcr.io/paranjko/gdc-devshard-gateway:v2026.08.30-rc.0-956a7758af5b-33345010954
DEVSHARD_HEIGHTSYNC=true
DEVSHARD_HEIGHTSYNC_K=10
DEVSHARD_HEIGHTSYNC_SLOTS=1
GONKA_HA=false
DEVSHARD_STORAGE_MODE=memory
GDC_JOIN_EFFECTIVE_EPOCHS=4
GDC_JOIN_EFFECTIVE_TIMEOUT_SECONDS=7200
GDC_CPOC_PROBE_EPOCHS=4
GDC_CPOC_PROBE_TIMEOUT_SECONDS=7200
GDC_CPOC_PROBE_POLL_SECONDS=5
GDC_UPGRADE_MIN_LEAD_BLOCKS=60
GDC_GATE_B_PROGRESS_TIMEOUT_SECONDS=120
GDC_GATE_B_PROGRESS_POLL_SECONDS=2
GDC_HOST_UPGRADE_WATCH_TIMEOUT_SECONDS=21600
GDC_HOST_UPGRADE_WATCH_POLL_SECONDS=5
GDC_MAX_NODE_LAG_BLOCKS=5
