# Immutable External Test Lab candidate v2026.08.27-rc.0.
# This is not an official Gonka release or readiness statement.
LAB_CANDIDATE=true
CANDIDATE_LAYER=devshard
UPGRADE_FROM_PROFILE=v2026.08.06
CANDIDATE_DEFINITION_SHA256=71e9b64d931d3eb8e150a3a5de48f2f20efd644bc9f5e3f06f8eda1d0a3891cc
CANDIDATE_BUILD_MANIFEST_SHA256=6497802adb80a60f1478cb34db4dbb333327fc2488cb5fdc4a469307733bcfdd
DEVSHARDD_IMAGE=ghcr.io/paranjko/gdc-devshardd:v2026.08.27-rc.0-71e9b64d931d-33121379450@sha256:f5d5464cd02387972b1cddcd3c4310cd1684f952060b882b2c6386677c9f80f5
DEVSHARDD_IMAGE_OCI=ghcr.io/paranjko/gdc-devshardd:v2026.08.27-rc.0-71e9b64d931d-33121379450@sha256:f5d5464cd02387972b1cddcd3c4310cd1684f952060b882b2c6386677c9f80f5
DEVSHARDD_IMAGE_ARCHIVE_URL=https://github.com/paranjko/external-test-lab/releases/download/lab-candidate%2Fv2026.08.27-rc.0/devshardd-linux-amd64.oci.tar.gz
DEVSHARDD_IMAGE_ARCHIVE_SHA256=487b753c898266e3ae9de99825e0601b5f5694f24d665ac8f62e2afb75690b53
DEVSHARD_V5_URL=https://github.com/paranjko/external-test-lab/releases/download/lab-candidate%2Fv2026.08.27-rc.0/devshardd-linux-amd64.zip
DEVSHARD_V5_SHA256=0d6e3780ddb573da30338066a6a2b878effa508873a0fe8a405b9e95d45da53f
DEVSHARDD_UPGRADE_OCI_LINUX_AMD64=ghcr.io/paranjko/gdc-upgrade-devshardd:v2026.08.27-rc.0-71e9b64d931d-33121379450@sha256:cfd708d6a510e7c0a3d51d3455f531f3e623637553c99d7397bf6b9763d4db5c
DEVSHARDD_UPGRADE_SHA256_LINUX_AMD64=0d6e3780ddb573da30338066a6a2b878effa508873a0fe8a405b9e95d45da53f
DEVSHARD_GATEWAY_IMAGE=ghcr.io/paranjko/gdc-devshard-gateway:v2026.08.27-rc.0-71e9b64d931d-33121379450@sha256:aa0d24d4446d101c54987b25858405d1f93b58a4916203ca69da86b0b710046e
DEVSHARD_GATEWAY_IMAGE_OCI=ghcr.io/paranjko/gdc-devshard-gateway:v2026.08.27-rc.0-71e9b64d931d-33121379450@sha256:aa0d24d4446d101c54987b25858405d1f93b58a4916203ca69da86b0b710046e
DEVSHARD_GATEWAY_IMAGE_ARCHIVE_URL=https://github.com/paranjko/external-test-lab/releases/download/lab-candidate%2Fv2026.08.27-rc.0/devshard-gateway-linux-amd64.oci.tar.gz
DEVSHARD_GATEWAY_IMAGE_ARCHIVE_SHA256=c06e2ae708b1e67a9bc1cd228e722072d83c9a6fde96be3fa93d2c1725a10aa4
DEVSHARD_HOST_IMAGE=ghcr.io/paranjko/gdc-devshard-host:v2026.08.27-rc.0-71e9b64d931d-33121379450@sha256:820e954ca226f0f58e3f63501a54eb7bd2601502546e7b0723a71cd877f66ddc
DEVSHARD_HOST_IMAGE_OCI=ghcr.io/paranjko/gdc-devshard-host:v2026.08.27-rc.0-71e9b64d931d-33121379450@sha256:820e954ca226f0f58e3f63501a54eb7bd2601502546e7b0723a71cd877f66ddc
DEVSHARD_HOST_IMAGE_ARCHIVE_URL=https://github.com/paranjko/external-test-lab/releases/download/lab-candidate%2Fv2026.08.27-rc.0/devshard-host-linux-amd64.oci.tar.gz
DEVSHARD_HOST_IMAGE_ARCHIVE_SHA256=51d84b45d56e46a5c930b8fc55c57b80b88f246ea43bb360eb9c924a9e8bd0e2
CANDIDATE_DEVSHARD_SOURCE_REF=refs/heads/devshard-0.2.15-v5
CANDIDATE_DEVSHARD_COMMIT=03078d6e417e02489b8e9015cb05ebad9b76a8e8
CANDIDATE_DEVSHARD_PROTOCOL_VERSION=v5
CANDIDATE_DEVSHARD_SUPPORTED_PROTOCOLS='v3 v5'
CANDIDATE_LOCAL_GATEWAY_IMAGE=ghcr.io/paranjko/gdc-devshard-gateway:v2026.08.27-rc.0-71e9b64d931d-33121379450
CANDIDATE_POSTGRES_IMAGE=postgres:16-alpine@sha256:cf78e76683b9ca8c5733cbbdce6c9262b45b6767934dd0a95e671f9a0fc20685
DEVSHARD_HEIGHTSYNC=true
DEVSHARD_HEIGHTSYNC_K=10
DEVSHARD_HEIGHTSYNC_SLOTS=1
GONKA_HA=false
DEVSHARD_STORAGE_MODE=memory
GDC_JOIN_EFFECTIVE_EPOCHS=4
GDC_JOIN_EFFECTIVE_TIMEOUT_SECONDS=7200
GDC_CPOC_PROBE_EPOCHS=4
GDC_CPOC_PROBE_TIMEOUT_SECONDS=7200
GDC_CPOC_PROBE_POLL_SECONDS=5
GDC_UPGRADE_MIN_LEAD_BLOCKS=60
GDC_GATE_B_PROGRESS_TIMEOUT_SECONDS=120
GDC_GATE_B_PROGRESS_POLL_SECONDS=2
GDC_HOST_UPGRADE_WATCH_TIMEOUT_SECONDS=21600
GDC_HOST_UPGRADE_WATCH_POLL_SECONDS=5
GDC_MAX_NODE_LAG_BLOCKS=5
