# Immutable External Test Lab candidate v2026.09.08-rc.0.
# This is not an official Gonka release or readiness statement.
LAB_CANDIDATE=true
CANDIDATE_LAYER=devshard
UPGRADE_FROM_PROFILE=v2026.08.06
CANDIDATE_DEFINITION_SHA256=5c75659d3ec46adc69958eb82c680074ca800e46846e78091a72ae9fc0ffc456
CANDIDATE_BUILD_MANIFEST_SHA256=7bc904a83c681137c827b5ca25a4fe5286dd5baf47097d974b6541665610025a
DEVSHARDD_IMAGE=ghcr.io/paranjko/gdc-devshardd:v2026.09.08-rc.0-5c75659d3ec4-34320725239@sha256:f1fc355519f1dc5162d607a4f4a80655ea42c4f02b4bd922bfe5f0eead6063bb
DEVSHARDD_IMAGE_OCI=ghcr.io/paranjko/gdc-devshardd:v2026.09.08-rc.0-5c75659d3ec4-34320725239@sha256:f1fc355519f1dc5162d607a4f4a80655ea42c4f02b4bd922bfe5f0eead6063bb
DEVSHARDD_IMAGE_ARCHIVE_URL=https://github.com/paranjko/external-test-lab/releases/download/v2026.09.08-rc.0/devshardd-linux-amd64.oci.tar.gz
DEVSHARDD_IMAGE_ARCHIVE_SHA256=31827a0ebcc3d426d3c3f99b824b15f0d733ce914b40c7b39b387ecb468afb76
DEVSHARD_V5_URL=https://github.com/paranjko/external-test-lab/releases/download/v2026.09.08-rc.0/devshardd.zip
DEVSHARD_V5_SHA256=b39c1c85e1bed04e1162022b424be9e4183a4bbc3c33fee99f9be97f55a1fc03
DEVSHARDD_UPGRADE_OCI_LINUX_AMD64=ghcr.io/paranjko/gdc-upgrade-devshardd:v2026.09.08-rc.0-5c75659d3ec4-34320725239@sha256:8bad55e35454b15b9f14a57e3453e9483c18c57a059d6ecf53d2da542da3b5c6
DEVSHARDD_UPGRADE_SHA256_LINUX_AMD64=b39c1c85e1bed04e1162022b424be9e4183a4bbc3c33fee99f9be97f55a1fc03
DEVSHARD_GATEWAY_IMAGE=ghcr.io/paranjko/gdc-devshard-gateway:v2026.09.08-rc.0-5c75659d3ec4-34320725239@sha256:a6417ca62ef195a8e00c5a70429e1a0f787ac7f9a5bbcf7ee2fee1cc47ca369f
DEVSHARD_GATEWAY_IMAGE_OCI=ghcr.io/paranjko/gdc-devshard-gateway:v2026.09.08-rc.0-5c75659d3ec4-34320725239@sha256:a6417ca62ef195a8e00c5a70429e1a0f787ac7f9a5bbcf7ee2fee1cc47ca369f
DEVSHARD_GATEWAY_IMAGE_ARCHIVE_URL=https://github.com/paranjko/external-test-lab/releases/download/v2026.09.08-rc.0/devshard-gateway-linux-amd64.oci.tar.gz
DEVSHARD_GATEWAY_IMAGE_ARCHIVE_SHA256=58049b91e5955f8159f490a14bbccb9a3a2632b3bf1a018a78f9fe188e0c4d98
DEVSHARD_HOST_IMAGE=ghcr.io/paranjko/gdc-devshard-host:v2026.09.08-rc.0-5c75659d3ec4-34320725239@sha256:f16cd26f5cdcdc422d68b8d3b38b89effcb8bb9982a87d0e4c996afaec20ed2a
DEVSHARD_HOST_IMAGE_OCI=ghcr.io/paranjko/gdc-devshard-host:v2026.09.08-rc.0-5c75659d3ec4-34320725239@sha256:f16cd26f5cdcdc422d68b8d3b38b89effcb8bb9982a87d0e4c996afaec20ed2a
DEVSHARD_HOST_IMAGE_ARCHIVE_URL=https://github.com/paranjko/external-test-lab/releases/download/v2026.09.08-rc.0/devshard-host-linux-amd64.oci.tar.gz
DEVSHARD_HOST_IMAGE_ARCHIVE_SHA256=9f5eda5e0d34fc25715318eb4f82069fcb2ad205de28cc038dd44179145d7851
CANDIDATE_DEVSHARD_SOURCE_REF=refs/heads/devshard-0.2.15-v5
CANDIDATE_DEVSHARD_COMMIT=a7d3034d499202b8504f3028b1ee3b1b0678b1e3
CANDIDATE_DEVSHARD_PROTOCOL_VERSION=v5
CANDIDATE_DEVSHARD_SUPPORTED_PROTOCOLS='v3 v5'
CANDIDATE_LOCAL_GATEWAY_IMAGE=ghcr.io/paranjko/gdc-devshard-gateway:v2026.09.08-rc.0-5c75659d3ec4-34320725239
DEVSHARD_HEIGHTSYNC=true
DEVSHARD_HEIGHTSYNC_K=10
DEVSHARD_HEIGHTSYNC_SLOTS=1
GONKA_HA=false
DEVSHARD_STORAGE_MODE=memory
GDC_JOIN_EFFECTIVE_EPOCHS=4
GDC_JOIN_EFFECTIVE_TIMEOUT_SECONDS=7200
GDC_CPOC_PROBE_EPOCHS=4
GDC_CPOC_PROBE_TIMEOUT_SECONDS=7200
GDC_CPOC_PROBE_POLL_SECONDS=5
GDC_UPGRADE_MIN_LEAD_BLOCKS=60
GDC_GATE_B_PROGRESS_TIMEOUT_SECONDS=120
GDC_GATE_B_PROGRESS_POLL_SECONDS=2
GDC_HOST_UPGRADE_WATCH_TIMEOUT_SECONDS=21600
GDC_HOST_UPGRADE_WATCH_POLL_SECONDS=5
GDC_MAX_NODE_LAG_BLOCKS=5
