# Immutable External Test Lab candidate v2026.08.28-rc.0.
# This is not an official Gonka release or readiness statement.
LAB_CANDIDATE=true
CANDIDATE_LAYER=core
UPGRADE_FROM_PROFILE=v2026.08.06
CANDIDATE_DEFINITION_SHA256=3f1001cf1e5e2012654f2b13c087bdc6cb73b5fc3502d87dbe028bb4e54f14c7
CANDIDATE_BUILD_MANIFEST_SHA256=60dd7e0b49f4fc3b4acd6f4709ba5c2d4fac0609e13a624488ebca12e66ee33b
GONKA_SOURCE_REF=refs/heads/ak/height-sync-protocol-dapi
GONKA_COMMIT=18506d42c510e0cafe6acd748bcd8d83036cba40
GONKA_REPOSITORY=https://github.com/gonka-ai/gonka.git
GONKA_RELEASE=0.2.16
JOIN_BOOTSTRAP_FORMAT=1
TMKMS_IMAGE=ghcr.io/product-science/tmkms-softsign-with-keygen:0.2.15@sha256:c3b6c4aaa73e93944dda4f08db8edd1a48544ad35d740cfca2dd8f3d9835aa21
INFERENCED_IMAGE=ghcr.io/paranjko/gdc-inferenced:v2026.08.28-rc.0-3f1001cf1e5e-33456953603@sha256:987661da7a00886994e0f1647155979d8ad09f903f5310aedf9d1c462fa31cea
INFERENCED_IMAGE_OCI=ghcr.io/paranjko/gdc-inferenced:v2026.08.28-rc.0-3f1001cf1e5e-33456953603@sha256:987661da7a00886994e0f1647155979d8ad09f903f5310aedf9d1c462fa31cea
INFERENCED_IMAGE_ARCHIVE_URL=https://github.com/paranjko/external-test-lab/releases/download/v2026.08.28-rc.0/inferenced-linux-amd64.oci.tar.gz
INFERENCED_IMAGE_ARCHIVE_SHA256=b1fd54dd3d6239d4482c8f858ff7c4ff548a5dc223cfcc600b4494b0c59901f7
INFERENCED_OPERATOR_URL_LINUX_AMD64=https://github.com/paranjko/external-test-lab/releases/download/v2026.08.28-rc.0/inferenced-operator.zip
INFERENCED_OPERATOR_SHA256_LINUX_AMD64=d21e7d71a47684310bdf86f5f805a8315e46d1e349b851146c976f2906780c69
INFERENCED_UPGRADE_URL=https://github.com/paranjko/external-test-lab/releases/download/v2026.08.28-rc.0/inferenced.zip
INFERENCED_UPGRADE_SHA256=407dd2907b6bb40d155321aacf6914cf5d92a980d4deebf125ef60b507b09613
INFERENCED_UPGRADE_OCI_LINUX_AMD64=ghcr.io/paranjko/gdc-upgrade-inferenced:v2026.08.28-rc.0-3f1001cf1e5e-33456953603@sha256:ffd876922a2dcb91a7bf1e08ba0b14af2dd0c8cda694e204dc68e65c9c542134
INFERENCED_UPGRADE_SHA256_LINUX_AMD64=407dd2907b6bb40d155321aacf6914cf5d92a980d4deebf125ef60b507b09613
DAPI_IMAGE=ghcr.io/paranjko/gdc-decentralized-api:v2026.08.28-rc.0-3f1001cf1e5e-33456953603@sha256:9f3fcb4314dd1f2b1969c770ea5df5d4bea33cee8efa1ca939f5b22ea978703a
DAPI_IMAGE_OCI=ghcr.io/paranjko/gdc-decentralized-api:v2026.08.28-rc.0-3f1001cf1e5e-33456953603@sha256:9f3fcb4314dd1f2b1969c770ea5df5d4bea33cee8efa1ca939f5b22ea978703a
DAPI_IMAGE_ARCHIVE_URL=https://github.com/paranjko/external-test-lab/releases/download/v2026.08.28-rc.0/decentralized-api-linux-amd64.oci.tar.gz
DAPI_IMAGE_ARCHIVE_SHA256=d44ed4607cd070ae3d5d23f9f7eedc1643c912de76dfe9b7deb397068561fcdc
DAPI_UPGRADE_URL=https://github.com/paranjko/external-test-lab/releases/download/v2026.08.28-rc.0/decentralized-api.zip
DAPI_UPGRADE_SHA256=8a126f7d159179fdf59a910ad23a945a96f4ec13fbb781c7cd8d7e67882203da
DAPI_UPGRADE_OCI_LINUX_AMD64=ghcr.io/paranjko/gdc-upgrade-decentralized-api:v2026.08.28-rc.0-3f1001cf1e5e-33456953603@sha256:d3df620238a83e1eef0dfcde3cfe97a34e8a0bb7a3c4978d886af20715200427
DAPI_UPGRADE_SHA256_LINUX_AMD64=8a126f7d159179fdf59a910ad23a945a96f4ec13fbb781c7cd8d7e67882203da
EDGE_API_IMAGE=ghcr.io/paranjko/gdc-edge-api:v2026.08.28-rc.0-3f1001cf1e5e-33456953603@sha256:98055c11f72ad81c7c56dd2aa59b8360941bfac3973e65399b5ae735990be255
EDGE_API_IMAGE_OCI=ghcr.io/paranjko/gdc-edge-api:v2026.08.28-rc.0-3f1001cf1e5e-33456953603@sha256:98055c11f72ad81c7c56dd2aa59b8360941bfac3973e65399b5ae735990be255
EDGE_API_IMAGE_ARCHIVE_URL=https://github.com/paranjko/external-test-lab/releases/download/v2026.08.28-rc.0/edge-api-linux-amd64.oci.tar.gz
EDGE_API_IMAGE_ARCHIVE_SHA256=6bfcfb170d622186ea4196f58998e73a269584ffab36707d142fdf91f7414c79
EDGE_API_ENABLED=true
EDGE_API_COMPOSE_PROFILE=edge-api
EDGE_API_SERVICE_NAME=edge-api
EDGE_API_UPGRADE_OCI_LINUX_AMD64=ghcr.io/paranjko/gdc-upgrade-edge-api:v2026.08.28-rc.0-3f1001cf1e5e-33456953603@sha256:8a58be09cab192b35435c9297aeb6df3434e46b41f5dc56003a010e48954a895
EDGE_API_UPGRADE_SHA256_LINUX_AMD64=1f113f8c289558caeb7b064927c8bc2aca812cf437f9d638e3e966476ceb6f81
VERSIOND_IMAGE=ghcr.io/paranjko/gdc-versiond:v2026.08.28-rc.0-3f1001cf1e5e-33456953603@sha256:5ecce4aea849affe02fc3bec8545e8f62070d01cd37cd10d53eedc85dce8af2d
VERSIOND_IMAGE_OCI=ghcr.io/paranjko/gdc-versiond:v2026.08.28-rc.0-3f1001cf1e5e-33456953603@sha256:5ecce4aea849affe02fc3bec8545e8f62070d01cd37cd10d53eedc85dce8af2d
VERSIOND_IMAGE_ARCHIVE_URL=https://github.com/paranjko/external-test-lab/releases/download/v2026.08.28-rc.0/versiond-linux-amd64.oci.tar.gz
VERSIOND_IMAGE_ARCHIVE_SHA256=3732dbae147975cbcf0058b842b7dfccbce4325ebd8b40be0776a74edadabfde
VERSIOND_ROUTER_IMAGE=ghcr.io/paranjko/gdc-versiond-router:v2026.08.28-rc.0-3f1001cf1e5e-33456953603@sha256:3d99b56bf6907f83204b14b839672c36f9a69f68ce657f15683f2d2d485818e9
VERSIOND_ROUTER_IMAGE_OCI=ghcr.io/paranjko/gdc-versiond-router:v2026.08.28-rc.0-3f1001cf1e5e-33456953603@sha256:3d99b56bf6907f83204b14b839672c36f9a69f68ce657f15683f2d2d485818e9
VERSIOND_ROUTER_IMAGE_ARCHIVE_URL=https://github.com/paranjko/external-test-lab/releases/download/v2026.08.28-rc.0/versiond-router-linux-amd64.oci.tar.gz
VERSIOND_ROUTER_IMAGE_ARCHIVE_SHA256=6494f65c84aad21960e7f01f75b136372d19d40820983086031ba6ceab1fb78f
PROXY_IMAGE=ghcr.io/product-science/proxy:0.2.15@sha256:88a392f2300e4f303df6c7dde4660944c3f99df1e7d959bb451bd62e2f846d49
MLNODE_GENERIC_IMAGE=ghcr.io/gonka-ai/mlnode:3.0.16@sha256:1b9b7ce55feecab837f1d7ce974fc5f377ae0a04a4fb403eeeb50130e7728ee1
MLNODE_PROXY_IMAGE=nginx:1.28.0@sha256:552e7481ca93ffccd046aa658dbbed22caefbc09c66fa7cd247cbb90b8a5c609
BRIDGE_IMAGE=ghcr.io/product-science/bridge:0.2.15@sha256:ac01165eb8eb60dbafe5d1e060a11b474efb44146b12f308bef6153b55a2c22d
GONKA_UPGRADE_METADATA_URL=https://github.com/paranjko/external-test-lab/releases/tag/v2026.08.28-rc.0
REQUIRED_DEVSHARD_PROFILE=v2026.08.30-rc.0
REQUIRED_DEVSHARD_DEFINITION_SHA256=956a7758af5ba16cb47e7c09e8f18a8b3646ee1486d86749e3cf1db5c1820d86
REQUIRED_DEVSHARD_BUILD_MANIFEST_SHA256=0ca70f36cee0a38e44b16d163fc5c1e181e771e01bfec285d7ecd4417eace083
REQUIRED_DEVSHARD_RELEASE_LOCK_SHA256=3579b8a1d5df84727c9166b2aa6a391f472da894dc53fd099336ef9a4196b64d
GDC_JOIN_EFFECTIVE_EPOCHS=4
GDC_JOIN_EFFECTIVE_TIMEOUT_SECONDS=7200
GDC_CPOC_PROBE_EPOCHS=4
GDC_CPOC_PROBE_TIMEOUT_SECONDS=7200
GDC_CPOC_PROBE_POLL_SECONDS=5
GDC_UPGRADE_MIN_LEAD_BLOCKS=60
GDC_GATE_B_PROGRESS_TIMEOUT_SECONDS=120
GDC_GATE_B_PROGRESS_POLL_SECONDS=2
GDC_HOST_UPGRADE_WATCH_TIMEOUT_SECONDS=21600
GDC_HOST_UPGRADE_WATCH_POLL_SECONDS=5
GDC_MAX_NODE_LAG_BLOCKS=5
